
Microsoft Visual Studio Solution File, Format Version 11.00
# Visual Studio 2010
Project("{8BC9CEB8-8B4A-11D0-8D11-00A0C91BC942}") = "MFCtext13(2)(2)", "MFCtext13(2)(2)\MFCtext13(2)(2).vcxproj", "{4844B306-54A4-4B8D-A1B4-8097BDD382AD}"
EndProject
Global
	GlobalSection(SolutionConfigurationPlatforms) = preSolution
		Debug|Win32 = Debug|Win32
		Release|Win32 = Release|Win32
	EndGlobalSection
	GlobalSection(ProjectConfigurationPlatforms) = postSolution
		{4844B306-54A4-4B8D-A1B4-8097BDD382AD}.Debug|Win32.ActiveCfg = Debug|Win32
		{4844B306-54A4-4B8D-A1B4-8097BDD382AD}.Debug|Win32.Build.0 = Debug|Win32
		{4844B306-54A4-4B8D-A1B4-8097BDD382AD}.Release|Win32.ActiveCfg = Release|Win32
		{4844B306-54A4-4B8D-A1B4-8097BDD382AD}.Release|Win32.Build.0 = Release|Win32
	EndGlobalSection
	GlobalSection(SolutionProperties) = preSolution
		HideSolutionNode = FALSE
	EndGlobalSection
EndGlobal
