
Microsoft Visual Studio Solution File, Format Version 11.00
# Visual Studio 2010
Project("{8BC9CEB8-8B4A-11D0-8D11-00A0C91BC942}") = "MFCtext13(2)(1)", "MFCtext13(2)(1)\MFCtext13(2)(1).vcxproj", "{ADF1D934-C5BD-4AE8-B1D4-09B9289BAD2E}"
EndProject
Global
	GlobalSection(SolutionConfigurationPlatforms) = preSolution
		Debug|Win32 = Debug|Win32
		Release|Win32 = Release|Win32
	EndGlobalSection
	GlobalSection(ProjectConfigurationPlatforms) = postSolution
		{ADF1D934-C5BD-4AE8-B1D4-09B9289BAD2E}.Debug|Win32.ActiveCfg = Debug|Win32
		{ADF1D934-C5BD-4AE8-B1D4-09B9289BAD2E}.Debug|Win32.Build.0 = Debug|Win32
		{ADF1D934-C5BD-4AE8-B1D4-09B9289BAD2E}.Release|Win32.ActiveCfg = Release|Win32
		{ADF1D934-C5BD-4AE8-B1D4-09B9289BAD2E}.Release|Win32.Build.0 = Release|Win32
	EndGlobalSection
	GlobalSection(SolutionProperties) = preSolution
		HideSolutionNode = FALSE
	EndGlobalSection
EndGlobal
