
Microsoft Visual Studio Solution File, Format Version 11.00
# Visual Studio 2010
Project("{8BC9CEB8-8B4A-11D0-8D11-00A0C91BC942}") = "MFCtext6(1)", "MFCtext6(1)\MFCtext6(1).vcxproj", "{644BBA21-451C-4DE2-ACA1-EFDBFD3F653C}"
EndProject
Global
	GlobalSection(SolutionConfigurationPlatforms) = preSolution
		Debug|Win32 = Debug|Win32
		Release|Win32 = Release|Win32
	EndGlobalSection
	GlobalSection(ProjectConfigurationPlatforms) = postSolution
		{644BBA21-451C-4DE2-ACA1-EFDBFD3F653C}.Debug|Win32.ActiveCfg = Debug|Win32
		{644BBA21-451C-4DE2-ACA1-EFDBFD3F653C}.Debug|Win32.Build.0 = Debug|Win32
		{644BBA21-451C-4DE2-ACA1-EFDBFD3F653C}.Release|Win32.ActiveCfg = Release|Win32
		{644BBA21-451C-4DE2-ACA1-EFDBFD3F653C}.Release|Win32.Build.0 = Release|Win32
	EndGlobalSection
	GlobalSection(SolutionProperties) = preSolution
		HideSolutionNode = FALSE
	EndGlobalSection
EndGlobal
